
Microsoft Visual Studio Solution File, Format Version 12.00
# Visual Studio 15
Project("{FAE04EC0-301F-11D3-BF4B-00C04F79EFBC}") = "Assembly-CSharp", "Assembly-CSharp.csproj", "{BBCA2163-BD8D-FF19-A34E-139975BBEA61}"
EndProject
Project("{FAE04EC0-301F-11D3-BF4B-00C04F79EFBC}") = "Assembly-CSharp-Editor", "Assembly-CSharp-Editor.csproj", "{47ACB01A-E192-2180-9AF2-4F96CB2AF019}"
EndProject
Project("{FAE04EC0-301F-11D3-BF4B-00C04F79EFBC}") = "Assembly-CSharp-Editor-firstpass", "Assembly-CSharp-Editor-firstpass.csproj", "{2A4824F1-5E9E-627B-79DD-ED61267F4477}"
EndProject
Global
	GlobalSection(SolutionConfigurationPlatforms) = preSolution
		Debug|Any CPU = Debug|Any CPU
		Release|Any CPU = Release|Any CPU
	EndGlobalSection
	GlobalSection(ProjectConfigurationPlatforms) = postSolution
		{BBCA2163-BD8D-FF19-A34E-139975BBEA61}.Debug|Any CPU.ActiveCfg = Debug|Any CPU
		{BBCA2163-BD8D-FF19-A34E-139975BBEA61}.Debug|Any CPU.Build.0 = Debug|Any CPU
		{BBCA2163-BD8D-FF19-A34E-139975BBEA61}.Release|Any CPU.ActiveCfg = Release|Any CPU
		{BBCA2163-BD8D-FF19-A34E-139975BBEA61}.Release|Any CPU.Build.0 = Release|Any CPU
		{47ACB01A-E192-2180-9AF2-4F96CB2AF019}.Debug|Any CPU.ActiveCfg = Debug|Any CPU
		{47ACB01A-E192-2180-9AF2-4F96CB2AF019}.Debug|Any CPU.Build.0 = Debug|Any CPU
		{47ACB01A-E192-2180-9AF2-4F96CB2AF019}.Release|Any CPU.ActiveCfg = Release|Any CPU
		{47ACB01A-E192-2180-9AF2-4F96CB2AF019}.Release|Any CPU.Build.0 = Release|Any CPU
		{2A4824F1-5E9E-627B-79DD-ED61267F4477}.Debug|Any CPU.ActiveCfg = Debug|Any CPU
		{2A4824F1-5E9E-627B-79DD-ED61267F4477}.Debug|Any CPU.Build.0 = Debug|Any CPU
		{2A4824F1-5E9E-627B-79DD-ED61267F4477}.Release|Any CPU.ActiveCfg = Release|Any CPU
		{2A4824F1-5E9E-627B-79DD-ED61267F4477}.Release|Any CPU.Build.0 = Release|Any CPU
	EndGlobalSection
	GlobalSection(SolutionProperties) = preSolution
		HideSolutionNode = FALSE
	EndGlobalSection
EndGlobal
